// !$*UTF8*$!
{
	archiveVersion = 1;
	classes = {
	};
	objectVersion = 48;
	objects = {

/* Begin PBXBuildFile section */
		8B0017FB208542E0008E560F /* AppDelegate.swift in Sources */ = {isa = PBXBuildFile; fileRef = 8B0017FA208542E0008E560F /* AppDelegate.swift */; };
		8B0017FD208542E0008E560F /* ViewController.swift in Sources */ = {isa = PBXBuildFile; fileRef = 8B0017FC208542E0008E560F /* ViewController.swift */; };
		8B001800208542E0008E560F /* Main.storyboard in Resources */ = {isa = PBXBuildFile; fileRef = 8B0017FE208542E0008E560F /* Main.storyboard */; };
		8B001802208542E0008E560F /* Assets.xcassets in Resources */ = {isa = PBXBuildFile; fileRef = 8B001801208542E0008E560F /* Assets.xcassets */; };
		8B001805208542E0008E560F /* LaunchScreen.storyboard in Resources */ = {isa = PBXBuildFile; fileRef = 8B001803208542E0008E560F /* LaunchScreen.storyboard */; };
		8B1F7BCA208FB5B500B72B13 /* Model.swift in Sources */ = {isa = PBXBuildFile; fileRef = 8B1F7BC9208FB5B500B72B13 /* Model.swift */; };
		8B1F7BCD208FBE3800B72B13 /* SearchBar.xcdatamodeld in Sources */ = {isa = PBXBuildFile; fileRef = 8B1F7BCB208FBE3700B72B13 /* SearchBar.xcdatamodeld */; };
		8B2BE6C720892C8B0065454B /* imageCollectionViewCell.swift in Sources */ = {isa = PBXBuildFile; fileRef = 8B2BE6C620892C8B0065454B /* imageCollectionViewCell.swift */; };
		8B2BE6C920892D770065454B /* nosTalentViewController.swift in Sources */ = {isa = PBXBuildFile; fileRef = 8B2BE6C820892D770065454B /* nosTalentViewController.swift */; };
		8B46E2CD20878977003AD9C7 /* SingupVC.swift in Sources */ = {isa = PBXBuildFile; fileRef = 8B46E2CC20878977003AD9C7 /* SingupVC.swift */; };
		8B55CC432089C86000AD1000 /* loginEntrepriseViewController.swift in Sources */ = {isa = PBXBuildFile; fileRef = 8B55CC422089C86000AD1000 /* loginEntrepriseViewController.swift */; };
		8B55CC452089D49500AD1000 /* menuEntrepriseViewController.swift in Sources */ = {isa = PBXBuildFile; fileRef = 8B55CC442089D49500AD1000 /* menuEntrepriseViewController.swift */; };
		8BF5732A208DBD0B00072F7B /* projetSlideViewController.swift in Sources */ = {isa = PBXBuildFile; fileRef = 8BF57329208DBD0B00072F7B /* projetSlideViewController.swift */; };
		8BF6D8322089EB3800B88A48 /* imageProjetCollectionViewCell.swift in Sources */ = {isa = PBXBuildFile; fileRef = 8BF6D8312089EB3800B88A48 /* imageProjetCollectionViewCell.swift */; };
		8BF9302E208F575C0057FFD8 /* searchTableViewController.swift in Sources */ = {isa = PBXBuildFile; fileRef = 8BF9302D208F575C0057FFD8 /* searchTableViewController.swift */; };
		8BF93030208F62D90057FFD8 /* tableCell.swift in Sources */ = {isa = PBXBuildFile; fileRef = 8BF9302F208F62D90057FFD8 /* tableCell.swift */; };
		8BF9A806208784860092B31A /* loginVC.swift in Sources */ = {isa = PBXBuildFile; fileRef = 8BF9A805208784860092B31A /* loginVC.swift */; };
		8BFCC70D20906EC4001EC147 /* loginViewController.swift in Sources */ = {isa = PBXBuildFile; fileRef = 8BFCC70C20906EC4001EC147 /* loginViewController.swift */; };
		8BFCC70F20908BAD001EC147 /* detailViewController.swift in Sources */ = {isa = PBXBuildFile; fileRef = 8BFCC70E20908BAD001EC147 /* detailViewController.swift */; };
/* End PBXBuildFile section */

/* Begin PBXFileReference section */
		8B0017F7208542E0008E560F /* Talentify.app */ = {isa = PBXFileReference; explicitFileType = wrapper.application; includeInIndex = 0; path = Talentify.app; sourceTree = BUILT_PRODUCTS_DIR; };
		8B0017FA208542E0008E560F /* AppDelegate.swift */ = {isa = PBXFileReference; lastKnownFileType = sourcecode.swift; path = AppDelegate.swift; sourceTree = "<group>"; };
		8B0017FC208542E0008E560F /* ViewController.swift */ = {isa = PBXFileReference; lastKnownFileType = sourcecode.swift; path = ViewController.swift; sourceTree = "<group>"; };
		8B0017FF208542E0008E560F /* Base */ = {isa = PBXFileReference; lastKnownFileType = file.storyboard; name = Base; path = Base.lproj/Main.storyboard; sourceTree = "<group>"; };
		8B001801208542E0008E560F /* Assets.xcassets */ = {isa = PBXFileReference; lastKnownFileType = folder.assetcatalog; path = Assets.xcassets; sourceTree = "<group>"; };
		8B001804208542E0008E560F /* Base */ = {isa = PBXFileReference; lastKnownFileType = file.storyboard; name = Base; path = Base.lproj/LaunchScreen.storyboard; sourceTree = "<group>"; };
		8B001806208542E0008E560F /* Info.plist */ = {isa = PBXFileReference; lastKnownFileType = text.plist.xml; path = Info.plist; sourceTree = "<group>"; };
		8B1F7BC9208FB5B500B72B13 /* Model.swift */ = {isa = PBXFileReference; fileEncoding = 4; lastKnownFileType = sourcecode.swift; name = Model.swift; path = "../../../Downloads/iOS-SearchBar-in-TableView-Demo-master/SearchBar/Model.swift"; sourceTree = "<group>"; };
		8B1F7BCC208FBE3700B72B13 /* SearchBar.xcdatamodel */ = {isa = PBXFileReference; lastKnownFileType = wrapper.xcdatamodel; path = SearchBar.xcdatamodel; sourceTree = "<group>"; };
		8B2BE6C620892C8B0065454B /* imageCollectionViewCell.swift */ = {isa = PBXFileReference; lastKnownFileType = sourcecode.swift; path = imageCollectionViewCell.swift; sourceTree = "<group>"; };
		8B2BE6C820892D770065454B /* nosTalentViewController.swift */ = {isa = PBXFileReference; lastKnownFileType = sourcecode.swift; path = nosTalentViewController.swift; sourceTree = "<group>"; };
		8B46E2CC20878977003AD9C7 /* SingupVC.swift */ = {isa = PBXFileReference; lastKnownFileType = sourcecode.swift; path = SingupVC.swift; sourceTree = "<group>"; };
		8B55CC422089C86000AD1000 /* loginEntrepriseViewController.swift */ = {isa = PBXFileReference; lastKnownFileType = sourcecode.swift; path = loginEntrepriseViewController.swift; sourceTree = "<group>"; };
		8B55CC442089D49500AD1000 /* menuEntrepriseViewController.swift */ = {isa = PBXFileReference; lastKnownFileType = sourcecode.swift; path = menuEntrepriseViewController.swift; sourceTree = "<group>"; };
		8BF57329208DBD0B00072F7B /* projetSlideViewController.swift */ = {isa = PBXFileReference; lastKnownFileType = sourcecode.swift; name = projetSlideViewController.swift; path = Talentify/projetSlideViewController.swift; sourceTree = "<group>"; };
		8BF6D8312089EB3800B88A48 /* imageProjetCollectionViewCell.swift */ = {isa = PBXFileReference; lastKnownFileType = sourcecode.swift; path = imageProjetCollectionViewCell.swift; sourceTree = "<group>"; };
		8BF9302D208F575C0057FFD8 /* searchTableViewController.swift */ = {isa = PBXFileReference; lastKnownFileType = sourcecode.swift; path = searchTableViewController.swift; sourceTree = "<group>"; };
		8BF9302F208F62D90057FFD8 /* tableCell.swift */ = {isa = PBXFileReference; lastKnownFileType = sourcecode.swift; path = tableCell.swift; sourceTree = "<group>"; };
		8BF9A805208784860092B31A /* loginVC.swift */ = {isa = PBXFileReference; lastKnownFileType = sourcecode.swift; path = loginVC.swift; sourceTree = "<group>"; };
		8BFCC70C20906EC4001EC147 /* loginViewController.swift */ = {isa = PBXFileReference; lastKnownFileType = sourcecode.swift; path = loginViewController.swift; sourceTree = "<group>"; };
		8BFCC70E20908BAD001EC147 /* detailViewController.swift */ = {isa = PBXFileReference; lastKnownFileType = sourcecode.swift; path = detailViewController.swift; sourceTree = "<group>"; };
/* End PBXFileReference section */

/* Begin PBXFrameworksBuildPhase section */
		8B0017F4208542E0008E560F /* Frameworks */ = {
			isa = PBXFrameworksBuildPhase;
			buildActionMask = 2147483647;
			files = (
			);
			runOnlyForDeploymentPostprocessing = 0;
		};
/* End PBXFrameworksBuildPhase section */

/* Begin PBXGroup section */
		8B0017EE208542E0008E560F = {
			isa = PBXGroup;
			children = (
				8BF9302F208F62D90057FFD8 /* tableCell.swift */,
				8BF9302D208F575C0057FFD8 /* searchTableViewController.swift */,
				8BF6D8312089EB3800B88A48 /* imageProjetCollectionViewCell.swift */,
				8BF57329208DBD0B00072F7B /* projetSlideViewController.swift */,
				8BF9A805208784860092B31A /* loginVC.swift */,
				8B46E2CC20878977003AD9C7 /* SingupVC.swift */,
				8B0017F9208542E0008E560F /* Talentify */,
				8B0017F8208542E0008E560F /* Products */,
			);
			sourceTree = "<group>";
		};
		8B0017F8208542E0008E560F /* Products */ = {
			isa = PBXGroup;
			children = (
				8B0017F7208542E0008E560F /* Talentify.app */,
			);
			name = Products;
			sourceTree = "<group>";
		};
		8B0017F9208542E0008E560F /* Talentify */ = {
			isa = PBXGroup;
			children = (
				8B1F7BCB208FBE3700B72B13 /* SearchBar.xcdatamodeld */,
				8BFCC70E20908BAD001EC147 /* detailViewController.swift */,
				8B1F7BC9208FB5B500B72B13 /* Model.swift */,
				8B0017FA208542E0008E560F /* AppDelegate.swift */,
				8BBDCBDB20876CF900125A9B /* UiViewController */,
				8BBDCBD720876B8700125A9B /* Uiview */,
				8B0017FC208542E0008E560F /* ViewController.swift */,
				8B2BE6C620892C8B0065454B /* imageCollectionViewCell.swift */,
				8B2BE6C820892D770065454B /* nosTalentViewController.swift */,
				8B55CC422089C86000AD1000 /* loginEntrepriseViewController.swift */,
				8B55CC442089D49500AD1000 /* menuEntrepriseViewController.swift */,
				8B0017FE208542E0008E560F /* Main.storyboard */,
				8BFCC70C20906EC4001EC147 /* loginViewController.swift */,
				8B001801208542E0008E560F /* Assets.xcassets */,
				8B001803208542E0008E560F /* LaunchScreen.storyboard */,
				8B001806208542E0008E560F /* Info.plist */,
			);
			path = Talentify;
			sourceTree = "<group>";
		};
		8BBDCBD720876B8700125A9B /* Uiview */ = {
			isa = PBXGroup;
			children = (
			);
			path = Uiview;
			sourceTree = "<group>";
		};
		8BBDCBDB20876CF900125A9B /* UiViewController */ = {
			isa = PBXGroup;
			children = (
			);
			path = UiViewController;
			sourceTree = "<group>";
		};
/* End PBXGroup section */

/* Begin PBXNativeTarget section */
		8B0017F6208542E0008E560F /* Talentify */ = {
			isa = PBXNativeTarget;
			buildConfigurationList = 8B001809208542E0008E560F /* Build configuration list for PBXNativeTarget "Talentify" */;
			buildPhases = (
				8B0017F3208542E0008E560F /* Sources */,
				8B0017F4208542E0008E560F /* Frameworks */,
				8B0017F5208542E0008E560F /* Resources */,
			);
			buildRules = (
			);
			dependencies = (
			);
			name = Talentify;
			productName = Talentify;
			productReference = 8B0017F7208542E0008E560F /* Talentify.app */;
			productType = "com.apple.product-type.application";
		};
/* End PBXNativeTarget section */

/* Begin PBXProject section */
		8B0017EF208542E0008E560F /* Project object */ = {
			isa = PBXProject;
			attributes = {
				LastSwiftUpdateCheck = 0910;
				LastUpgradeCheck = 0910;
				ORGANIZATIONNAME = Ynov;
				TargetAttributes = {
					8B0017F6208542E0008E560F = {
						CreatedOnToolsVersion = 9.1;
						ProvisioningStyle = Automatic;
					};
				};
			};
			buildConfigurationList = 8B0017F2208542E0008E560F /* Build configuration list for PBXProject "Talentify" */;
			compatibilityVersion = "Xcode 8.0";
			developmentRegion = en;
			hasScannedForEncodings = 0;
			knownRegions = (
				en,
				Base,
			);
			mainGroup = 8B0017EE208542E0008E560F;
			productRefGroup = 8B0017F8208542E0008E560F /* Products */;
			projectDirPath = "";
			projectRoot = "";
			targets = (
				8B0017F6208542E0008E560F /* Talentify */,
			);
		};
/* End PBXProject section */

/* Begin PBXResourcesBuildPhase section */
		8B0017F5208542E0008E560F /* Resources */ = {
			isa = PBXResourcesBuildPhase;
			buildActionMask = 2147483647;
			files = (
				8B001805208542E0008E560F /* LaunchScreen.storyboard in Resources */,
				8B001802208542E0008E560F /* Assets.xcassets in Resources */,
				8B001800208542E0008E560F /* Main.storyboard in Resources */,
			);
			runOnlyForDeploymentPostprocessing = 0;
		};
/* End PBXResourcesBuildPhase section */

/* Begin PBXSourcesBuildPhase section */
		8B0017F3208542E0008E560F /* Sources */ = {
			isa = PBXSourcesBuildPhase;
			buildActionMask = 2147483647;
			files = (
				8BF9302E208F575C0057FFD8 /* searchTableViewController.swift in Sources */,
				8B55CC452089D49500AD1000 /* menuEntrepriseViewController.swift in Sources */,
				8B46E2CD20878977003AD9C7 /* SingupVC.swift in Sources */,
				8BF5732A208DBD0B00072F7B /* projetSlideViewController.swift in Sources */,
				8BF9A806208784860092B31A /* loginVC.swift in Sources */,
				8B1F7BCD208FBE3800B72B13 /* SearchBar.xcdatamodeld in Sources */,
				8B55CC432089C86000AD1000 /* loginEntrepriseViewController.swift in Sources */,
				8BFCC70F20908BAD001EC147 /* detailViewController.swift in Sources */,
				8B1F7BCA208FB5B500B72B13 /* Model.swift in Sources */,
				8BF93030208F62D90057FFD8 /* tableCell.swift in Sources */,
				8B0017FD208542E0008E560F /* ViewController.swift in Sources */,
				8B2BE6C720892C8B0065454B /* imageCollectionViewCell.swift in Sources */,
				8B0017FB208542E0008E560F /* AppDelegate.swift in Sources */,
				8B2BE6C920892D770065454B /* nosTalentViewController.swift in Sources */,
				8BF6D8322089EB3800B88A48 /* imageProjetCollectionViewCell.swift in Sources */,
				8BFCC70D20906EC4001EC147 /* loginViewController.swift in Sources */,
			);
			runOnlyForDeploymentPostprocessing = 0;
		};
/* End PBXSourcesBuildPhase section */

/* Begin PBXVariantGroup section */
		8B0017FE208542E0008E560F /* Main.storyboard */ = {
			isa = PBXVariantGroup;
			children = (
				8B0017FF208542E0008E560F /* Base */,
			);
			name = Main.storyboard;
			sourceTree = "<group>";
		};
		8B001803208542E0008E560F /* LaunchScreen.storyboard */ = {
			isa = PBXVariantGroup;
			children = (
				8B001804208542E0008E560F /* Base */,
			);
			name = LaunchScreen.storyboard;
			sourceTree = "<group>";
		};
/* End PBXVariantGroup section */

/* Begin XCBuildConfiguration section */
		8B001807208542E0008E560F /* Debug */ = {
			isa = XCBuildConfiguration;
			buildSettings = {
				ALWAYS_SEARCH_USER_PATHS = NO;
				CLANG_ANALYZER_NONNULL = YES;
				CLANG_ANALYZER_NUMBER_OBJECT_CONVERSION = YES_AGGRESSIVE;
				CLANG_CXX_LANGUAGE_STANDARD = "gnu++14";
				CLANG_CXX_LIBRARY = "libc++";
				CLANG_ENABLE_MODULES = YES;
				CLANG_ENABLE_OBJC_ARC = YES;
				CLANG_WARN_BLOCK_CAPTURE_AUTORELEASING = YES;
				CLANG_WARN_BOOL_CONVERSION = YES;
				CLANG_WARN_COMMA = YES;
				CLANG_WARN_CONSTANT_CONVERSION = YES;
				CLANG_WARN_DIRECT_OBJC_ISA_USAGE = YES_ERROR;
				CLANG_WARN_DOCUMENTATION_COMMENTS = YES;
				CLANG_WARN_EMPTY_BODY = YES;
				CLANG_WARN_ENUM_CONVERSION = YES;
				CLANG_WARN_INFINITE_RECURSION = YES;
				CLANG_WARN_INT_CONVERSION = YES;
				CLANG_WARN_NON_LITERAL_NULL_CONVERSION = YES;
				CLANG_WARN_OBJC_LITERAL_CONVERSION = YES;
				CLANG_WARN_OBJC_ROOT_CLASS = YES_ERROR;
				CLANG_WARN_RANGE_LOOP_ANALYSIS = YES;
				CLANG_WARN_STRICT_PROTOTYPES = YES;
				CLANG_WARN_SUSPICIOUS_MOVE = YES;
				CLANG_WARN_UNGUARDED_AVAILABILITY = YES_AGGRESSIVE;
				CLANG_WARN_UNREACHABLE_CODE = YES;
				CLANG_WARN__DUPLICATE_METHOD_MATCH = YES;
				CODE_SIGN_IDENTITY = "iPhone Developer";
				COPY_PHASE_STRIP = NO;
				DEBUG_INFORMATION_FORMAT = dwarf;
				ENABLE_STRICT_OBJC_MSGSEND = YES;
				ENABLE_TESTABILITY = YES;
				GCC_C_LANGUAGE_STANDARD = gnu11;
				GCC_DYNAMIC_NO_PIC = NO;
				GCC_NO_COMMON_BLOCKS = YES;
				GCC_OPTIMIZATION_LEVEL = 0;
				GCC_PREPROCESSOR_DEFINITIONS = (
					"DEBUG=1",
					"$(inherited)",
				);
				GCC_WARN_64_TO_32_BIT_CONVERSION = YES;
				GCC_WARN_ABOUT_RETURN_TYPE = YES_ERROR;
				GCC_WARN_UNDECLARED_SELECTOR = YES;
				GCC_WARN_UNINITIALIZED_AUTOS = YES_AGGRESSIVE;
				GCC_WARN_UNUSED_FUNCTION = YES;
				GCC_WARN_UNUSED_VARIABLE = YES;
				IPHONEOS_DEPLOYMENT_TARGET = 11.1;
				MTL_ENABLE_DEBUG_INFO = YES;
				ONLY_ACTIVE_ARCH = YES;
				SDKROOT = iphoneos;
				SWIFT_ACTIVE_COMPILATION_CONDITIONS = DEBUG;
				SWIFT_OPTIMIZATION_LEVEL = "-Onone";
			};
			name = Debug;
		};
		8B001808208542E0008E560F /* Release */ = {
			isa = XCBuildConfiguration;
			buildSettings = {
				ALWAYS_SEARCH_USER_PATHS = NO;
				CLANG_ANALYZER_NONNULL = YES;
				CLANG_ANALYZER_NUMBER_OBJECT_CONVERSION = YES_AGGRESSIVE;
				CLANG_CXX_LANGUAGE_STANDARD = "gnu++14";
				CLANG_CXX_LIBRARY = "libc++";
				CLANG_ENABLE_MODULES = YES;
				CLANG_ENABLE_OBJC_ARC = YES;
				CLANG_WARN_BLOCK_CAPTURE_AUTORELEASING = YES;
				CLANG_WARN_BOOL_CONVERSION = YES;
				CLANG_WARN_COMMA = YES;
				CLANG_WARN_CONSTANT_CONVERSION = YES;
				CLANG_WARN_DIRECT_OBJC_ISA_USAGE = YES_ERROR;
				CLANG_WARN_DOCUMENTATION_COMMENTS = YES;
				CLANG_WARN_EMPTY_BODY = YES;
				CLANG_WARN_ENUM_CONVERSION = YES;
				CLANG_WARN_INFINITE_RECURSION = YES;
				CLANG_WARN_INT_CONVERSION = YES;
				CLANG_WARN_NON_LITERAL_NULL_CONVERSION = YES;
				CLANG_WARN_OBJC_LITERAL_CONVERSION = YES;
				CLANG_WARN_OBJC_ROOT_CLASS = YES_ERROR;
				CLANG_WARN_RANGE_LOOP_ANALYSIS = YES;
				CLANG_WARN_STRICT_PROTOTYPES = YES;
				CLANG_WARN_SUSPICIOUS_MOVE = YES;
				CLANG_WARN_UNGUARDED_AVAILABILITY = YES_AGGRESSIVE;
				CLANG_WARN_UNREACHABLE_CODE = YES;
				CLANG_WARN__DUPLICATE_METHOD_MATCH = YES;
				CODE_SIGN_IDENTITY = "iPhone Developer";
				COPY_PHASE_STRIP = NO;
				DEBUG_INFORMATION_FORMAT = "dwarf-with-dsym";
				ENABLE_NS_ASSERTIONS = NO;
				ENABLE_STRICT_OBJC_MSGSEND = YES;
				GCC_C_LANGUAGE_STANDARD = gnu11;
				GCC_NO_COMMON_BLOCKS = YES;
				GCC_WARN_64_TO_32_BIT_CONVERSION = YES;
				GCC_WARN_ABOUT_RETURN_TYPE = YES_ERROR;
				GCC_WARN_UNDECLARED_SELECTOR = YES;
				GCC_WARN_UNINITIALIZED_AUTOS = YES_AGGRESSIVE;
				GCC_WARN_UNUSED_FUNCTION = YES;
				GCC_WARN_UNUSED_VARIABLE = YES;
				IPHONEOS_DEPLOYMENT_TARGET = 11.1;
				MTL_ENABLE_DEBUG_INFO = NO;
				SDKROOT = iphoneos;
				SWIFT_OPTIMIZATION_LEVEL = "-Owholemodule";
				VALIDATE_PRODUCT = YES;
			};
			name = Release;
		};
		8B00180A208542E0008E560F /* Debug */ = {
			isa = XCBuildConfiguration;
			buildSettings = {
				ASSETCATALOG_COMPILER_APPICON_NAME = AppIcon;
				CODE_SIGN_STYLE = Automatic;
				INFOPLIST_FILE = Talentify/Info.plist;
				LD_RUNPATH_SEARCH_PATHS = "$(inherited) @executable_path/Frameworks";
				PRODUCT_BUNDLE_IDENTIFIER = com.ynov.ydays.paris.Talentify;
				PRODUCT_NAME = "$(TARGET_NAME)";
				SWIFT_VERSION = 4.0;
				TARGETED_DEVICE_FAMILY = "1,2";
			};
			name = Debug;
		};
		8B00180B208542E0008E560F /* Release */ = {
			isa = XCBuildConfiguration;
			buildSettings = {
				ASSETCATALOG_COMPILER_APPICON_NAME = AppIcon;
				CODE_SIGN_STYLE = Automatic;
				INFOPLIST_FILE = Talentify/Info.plist;
				LD_RUNPATH_SEARCH_PATHS = "$(inherited) @executable_path/Frameworks";
				PRODUCT_BUNDLE_IDENTIFIER = com.ynov.ydays.paris.Talentify;
				PRODUCT_NAME = "$(TARGET_NAME)";
				SWIFT_VERSION = 4.0;
				TARGETED_DEVICE_FAMILY = "1,2";
			};
			name = Release;
		};
/* End XCBuildConfiguration section */

/* Begin XCConfigurationList section */
		8B0017F2208542E0008E560F /* Build configuration list for PBXProject "Talentify" */ = {
			isa = XCConfigurationList;
			buildConfigurations = (
				8B001807208542E0008E560F /* Debug */,
				8B001808208542E0008E560F /* Release */,
			);
			defaultConfigurationIsVisible = 0;
			defaultConfigurationName = Release;
		};
		8B001809208542E0008E560F /* Build configuration list for PBXNativeTarget "Talentify" */ = {
			isa = XCConfigurationList;
			buildConfigurations = (
				8B00180A208542E0008E560F /* Debug */,
				8B00180B208542E0008E560F /* Release */,
			);
			defaultConfigurationIsVisible = 0;
			defaultConfigurationName = Release;
		};
/* End XCConfigurationList section */

/* Begin XCVersionGroup section */
		8B1F7BCB208FBE3700B72B13 /* SearchBar.xcdatamodeld */ = {
			isa = XCVersionGroup;
			children = (
				8B1F7BCC208FBE3700B72B13 /* SearchBar.xcdatamodel */,
			);
			currentVersion = 8B1F7BCC208FBE3700B72B13 /* SearchBar.xcdatamodel */;
			name = SearchBar.xcdatamodeld;
			path = "../../../Downloads/iOS-SearchBar-in-TableView-Demo-master/SearchBar/SearchBar.xcdatamodeld";
			sourceTree = "<group>";
			versionGroupType = wrapper.xcdatamodel;
		};
/* End XCVersionGroup section */
	};
	rootObject = 8B0017EF208542E0008E560F /* Project object */;
}
